{
  "name": "@cu-library/alma-customization-package",
  "requires": true,
  "lockfileVersion": 1,
  "dependencies": {
    "primo-explore-hathitrust-availability": {
      "version": "github:cu-library/primo-explore-hathitrust-availability#17c25078d2e163aa3d0b638bb737c13a5487773f",
      "from": "github:cu-library/primo-explore-hathitrust-availability#17c25078d2e163aa3d0b63"
    }
  }
}
