{
  "name": "@cu-library/alma-customization-package",
  "lockfileVersion": 2,
  "requires": true,
  "packages": {
    "": {
      "name": "@cu-library/alma-customization-package",
      "license": "MIT",
      "dependencies": {
        "primo-explore-hathitrust-availability": "github:cu-library/primo-explore-hathitrust-availability#d32bc2c6b76b837b237bcd2aa7fe9ca50bbf5e13"
      }
    },
    "node_modules/primo-explore-hathitrust-availability": {
      "version": "2.7.0",
      "resolved": "git+ssh://git@github.com/cu-library/primo-explore-hathitrust-availability.git#d32bc2c6b76b837b237bcd2aa7fe9ca50bbf5e13",
      "integrity": "sha512-UZkdFYPu/TCCf0a++dchNsIPIAAQypiPktTDr7WvSLtIFJD33rAbd8719R7IdZXjPszIQag3Zap59i36Q/YyLg==",
      "license": "MIT"
    }
  },
  "dependencies": {
    "primo-explore-hathitrust-availability": {
      "version": "git+ssh://git@github.com/cu-library/primo-explore-hathitrust-availability.git#d32bc2c6b76b837b237bcd2aa7fe9ca50bbf5e13",
      "from": "primo-explore-hathitrust-availability@github:cu-library/primo-explore-hathitrust-availability#d32bc2c6b76b837b237bcd2aa7fe9ca50bbf5e13"
    }
  }
}
