{
  "name": "@cu-library/alma-customization-package",
  "requires": true,
  "lockfileVersion": 1,
  "dependencies": {
    "primo-explore-hathitrust-availability": {
      "version": "github:cu-library/primo-explore-hathitrust-availability#d32bc2c6b76b837b237bcd2aa7fe9ca50bbf5e13",
      "from": "github:cu-library/primo-explore-hathitrust-availability#d32bc2c6b76b837b237bcd2aa7fe9ca50bbf5e13"
    }
  }
}
